// !$*UTF8*$!
{
	archiveVersion = 1;
	classes = {
	};
	objectVersion = 46;
	objects = {

/* Begin PBXBuildFile section */
		A4A954B71DBF86AB00C820C4 /* AppDelegate.swift in Sources */ = {isa = PBXBuildFile; fileRef = A4A954B61DBF86AB00C820C4 /* AppDelegate.swift */; };
		A4A954B91DBF86AB00C820C4 /* ViewController.swift in Sources */ = {isa = PBXBuildFile; fileRef = A4A954B81DBF86AB00C820C4 /* ViewController.swift */; };
		A4A954BC1DBF86AB00C820C4 /* Main.storyboard in Resources */ = {isa = PBXBuildFile; fileRef = A4A954BA1DBF86AB00C820C4 /* Main.storyboard */; };
		A4A954BE1DBF86AB00C820C4 /* Assets.xcassets in Resources */ = {isa = PBXBuildFile; fileRef = A4A954BD1DBF86AB00C820C4 /* Assets.xcassets */; };
		A4A954C11DBF86AB00C820C4 /* LaunchScreen.storyboard in Resources */ = {isa = PBXBuildFile; fileRef = A4A954BF1DBF86AB00C820C4 /* LaunchScreen.storyboard */; };
		A4A954CC1DBF86AC00C820C4 /* BatteryViewUITests.swift in Sources */ = {isa = PBXBuildFile; fileRef = A4A954CB1DBF86AC00C820C4 /* BatteryViewUITests.swift */; };
/* End PBXBuildFile section */

/* Begin PBXContainerItemProxy section */
		A4A954C81DBF86AC00C820C4 /* PBXContainerItemProxy */ = {
			isa = PBXContainerItemProxy;
			containerPortal = A4A954AB1DBF86AB00C820C4 /* Project object */;
			proxyType = 1;
			remoteGlobalIDString = A4A954B21DBF86AB00C820C4;
			remoteInfo = BatteryView;
		};
/* End PBXContainerItemProxy section */

/* Begin PBXFileReference section */
		A4A954B31DBF86AB00C820C4 /* BatteryView.app */ = {isa = PBXFileReference; explicitFileType = wrapper.application; includeInIndex = 0; path = BatteryView.app; sourceTree = BUILT_PRODUCTS_DIR; };
		A4A954B61DBF86AB00C820C4 /* AppDelegate.swift */ = {isa = PBXFileReference; lastKnownFileType = sourcecode.swift; path = AppDelegate.swift; sourceTree = "<group>"; };
		A4A954B81DBF86AB00C820C4 /* ViewController.swift */ = {isa = PBXFileReference; lastKnownFileType = sourcecode.swift; path = ViewController.swift; sourceTree = "<group>"; };
		A4A954BB1DBF86AB00C820C4 /* Base */ = {isa = PBXFileReference; lastKnownFileType = file.storyboard; name = Base; path = Base.lproj/Main.storyboard; sourceTree = "<group>"; };
		A4A954BD1DBF86AB00C820C4 /* Assets.xcassets */ = {isa = PBXFileReference; lastKnownFileType = folder.assetcatalog; path = Assets.xcassets; sourceTree = "<group>"; };
		A4A954C01DBF86AB00C820C4 /* Base */ = {isa = PBXFileReference; lastKnownFileType = file.storyboard; name = Base; path = Base.lproj/LaunchScreen.storyboard; sourceTree = "<group>"; };
		A4A954C21DBF86AC00C820C4 /* Info.plist */ = {isa = PBXFileReference; lastKnownFileType = text.plist.xml; path = Info.plist; sourceTree = "<group>"; };
		A4A954C71DBF86AC00C820C4 /* BatteryViewUITests.xctest */ = {isa = PBXFileReference; explicitFileType = wrapper.cfbundle; includeInIndex = 0; path = BatteryViewUITests.xctest; sourceTree = BUILT_PRODUCTS_DIR; };
		A4A954CB1DBF86AC00C820C4 /* BatteryViewUITests.swift */ = {isa = PBXFileReference; lastKnownFileType = sourcecode.swift; path = BatteryViewUITests.swift; sourceTree = "<group>"; };
		A4A954CD1DBF86AC00C820C4 /* Info.plist */ = {isa = PBXFileReference; lastKnownFileType = text.plist.xml; path = Info.plist; sourceTree = "<group>"; };
/* End PBXFileReference section */

/* Begin PBXFrameworksBuildPhase section */
		A4A954B01DBF86AB00C820C4 /* Frameworks */ = {
			isa = PBXFrameworksBuildPhase;
			buildActionMask = 2147483647;
			files = (
			);
			runOnlyForDeploymentPostprocessing = 0;
		};
		A4A954C41DBF86AC00C820C4 /* Frameworks */ = {
			isa = PBXFrameworksBuildPhase;
			buildActionMask = 2147483647;
			files = (
			);
			runOnlyForDeploymentPostprocessing = 0;
		};
/* End PBXFrameworksBuildPhase section */

/* Begin PBXGroup section */
		A4A954AA1DBF86AB00C820C4 = {
			isa = PBXGroup;
			children = (
				A4A954B51DBF86AB00C820C4 /* BatteryView */,
				A4A954CA1DBF86AC00C820C4 /* BatteryViewUITests */,
				A4A954B41DBF86AB00C820C4 /* Products */,
			);
			sourceTree = "<group>";
		};
		A4A954B41DBF86AB00C820C4 /* Products */ = {
			isa = PBXGroup;
			children = (
				A4A954B31DBF86AB00C820C4 /* BatteryView.app */,
				A4A954C71DBF86AC00C820C4 /* BatteryViewUITests.xctest */,
			);
			name = Products;
			sourceTree = "<group>";
		};
		A4A954B51DBF86AB00C820C4 /* BatteryView */ = {
			isa = PBXGroup;
			children = (
				A4A954B61DBF86AB00C820C4 /* AppDelegate.swift */,
				A4A954B81DBF86AB00C820C4 /* ViewController.swift */,
				A4A954BA1DBF86AB00C820C4 /* Main.storyboard */,
				A4A954BD1DBF86AB00C820C4 /* Assets.xcassets */,
				A4A954BF1DBF86AB00C820C4 /* LaunchScreen.storyboard */,
				A4A954C21DBF86AC00C820C4 /* Info.plist */,
			);
			path = BatteryView;
			sourceTree = "<group>";
		};
		A4A954CA1DBF86AC00C820C4 /* BatteryViewUITests */ = {
			isa = PBXGroup;
			children = (
				A4A954CB1DBF86AC00C820C4 /* BatteryViewUITests.swift */,
				A4A954CD1DBF86AC00C820C4 /* Info.plist */,
			);
			path = BatteryViewUITests;
			sourceTree = "<group>";
		};
/* End PBXGroup section */

/* Begin PBXNativeTarget section */
		A4A954B21DBF86AB00C820C4 /* BatteryView */ = {
			isa = PBXNativeTarget;
			buildConfigurationList = A4A954D01DBF86AC00C820C4 /* Build configuration list for PBXNativeTarget "BatteryView" */;
			buildPhases = (
				A4A954AF1DBF86AB00C820C4 /* Sources */,
				A4A954B01DBF86AB00C820C4 /* Frameworks */,
				A4A954B11DBF86AB00C820C4 /* Resources */,
			);
			buildRules = (
			);
			dependencies = (
			);
			name = BatteryView;
			productName = BatteryView;
			productReference = A4A954B31DBF86AB00C820C4 /* BatteryView.app */;
			productType = "com.apple.product-type.application";
		};
		A4A954C61DBF86AC00C820C4 /* BatteryViewUITests */ = {
			isa = PBXNativeTarget;
			buildConfigurationList = A4A954D31DBF86AC00C820C4 /* Build configuration list for PBXNativeTarget "BatteryViewUITests" */;
			buildPhases = (
				A4A954C31DBF86AC00C820C4 /* Sources */,
				A4A954C41DBF86AC00C820C4 /* Frameworks */,
				A4A954C51DBF86AC00C820C4 /* Resources */,
			);
			buildRules = (
			);
			dependencies = (
				A4A954C91DBF86AC00C820C4 /* PBXTargetDependency */,
			);
			name = BatteryViewUITests;
			productName = BatteryViewUITests;
			productReference = A4A954C71DBF86AC00C820C4 /* BatteryViewUITests.xctest */;
			productType = "com.apple.product-type.bundle.ui-testing";
		};
/* End PBXNativeTarget section */

/* Begin PBXProject section */
		A4A954AB1DBF86AB00C820C4 /* Project object */ = {
			isa = PBXProject;
			attributes = {
				LastSwiftUpdateCheck = 0800;
				LastUpgradeCheck = 0800;
				ORGANIZATIONNAME = EasyHoony;
				TargetAttributes = {
					A4A954B21DBF86AB00C820C4 = {
						CreatedOnToolsVersion = 8.0;
						DevelopmentTeam = 74UTGGD74F;
						ProvisioningStyle = Automatic;
					};
					A4A954C61DBF86AC00C820C4 = {
						CreatedOnToolsVersion = 8.0;
						DevelopmentTeam = 74UTGGD74F;
						ProvisioningStyle = Automatic;
						TestTargetID = A4A954B21DBF86AB00C820C4;
					};
				};
			};
			buildConfigurationList = A4A954AE1DBF86AB00C820C4 /* Build configuration list for PBXProject "BatteryView" */;
			compatibilityVersion = "Xcode 3.2";
			developmentRegion = English;
			hasScannedForEncodings = 0;
			knownRegions = (
				en,
				Base,
			);
			mainGroup = A4A954AA1DBF86AB00C820C4;
			productRefGroup = A4A954B41DBF86AB00C820C4 /* Products */;
			projectDirPath = "";
			projectRoot = "";
			targets = (
				A4A954B21DBF86AB00C820C4 /* BatteryView */,
				A4A954C61DBF86AC00C820C4 /* BatteryViewUITests */,
			);
		};
/* End PBXProject section */

/* Begin PBXResourcesBuildPhase section */
		A4A954B11DBF86AB00C820C4 /* Resources */ = {
			isa = PBXResourcesBuildPhase;
			buildActionMask = 2147483647;
			files = (
				A4A954C11DBF86AB00C820C4 /* LaunchScreen.storyboard in Resources */,
				A4A954BE1DBF86AB00C820C4 /* Assets.xcassets in Resources */,
				A4A954BC1DBF86AB00C820C4 /* Main.storyboard in Resources */,
			);
			runOnlyForDeploymentPostprocessing = 0;
		};
		A4A954C51DBF86AC00C820C4 /* Resources */ = {
			isa = PBXResourcesBuildPhase;
			buildActionMask = 2147483647;
			files = (
			);
			runOnlyForDeploymentPostprocessing = 0;
		};
/* End PBXResourcesBuildPhase section */

/* Begin PBXSourcesBuildPhase section */
		A4A954AF1DBF86AB00C820C4 /* Sources */ = {
			isa = PBXSourcesBuildPhase;
			buildActionMask = 2147483647;
			files = (
				A4A954B91DBF86AB00C820C4 /* ViewController.swift in Sources */,
				A4A954B71DBF86AB00C820C4 /* AppDelegate.swift in Sources */,
			);
			runOnlyForDeploymentPostprocessing = 0;
		};
		A4A954C31DBF86AC00C820C4 /* Sources */ = {
			isa = PBXSourcesBuildPhase;
			buildActionMask = 2147483647;
			files = (
				A4A954CC1DBF86AC00C820C4 /* BatteryViewUITests.swift in Sources */,
			);
			runOnlyForDeploymentPostprocessing = 0;
		};
/* End PBXSourcesBuildPhase section */

/* Begin PBXTargetDependency section */
		A4A954C91DBF86AC00C820C4 /* PBXTargetDependency */ = {
			isa = PBXTargetDependency;
			target = A4A954B21DBF86AB00C820C4 /* BatteryView */;
			targetProxy = A4A954C81DBF86AC00C820C4 /* PBXContainerItemProxy */;
		};
/* End PBXTargetDependency section */

/* Begin PBXVariantGroup section */
		A4A954BA1DBF86AB00C820C4 /* Main.storyboard */ = {
			isa = PBXVariantGroup;
			children = (
				A4A954BB1DBF86AB00C820C4 /* Base */,
			);
			name = Main.storyboard;
			sourceTree = "<group>";
		};
		A4A954BF1DBF86AB00C820C4 /* LaunchScreen.storyboard */ = {
			isa = PBXVariantGroup;
			children = (
				A4A954C01DBF86AB00C820C4 /* Base */,
			);
			name = LaunchScreen.storyboard;
			sourceTree = "<group>";
		};
/* End PBXVariantGroup section */

/* Begin XCBuildConfiguration section */
		A4A954CE1DBF86AC00C820C4 /* Debug */ = {
			isa = XCBuildConfiguration;
			buildSettings = {
				ALWAYS_SEARCH_USER_PATHS = NO;
				CLANG_ANALYZER_NONNULL = YES;
				CLANG_CXX_LANGUAGE_STANDARD = "gnu++0x";
				CLANG_CXX_LIBRARY = "libc++";
				CLANG_ENABLE_MODULES = YES;
				CLANG_ENABLE_OBJC_ARC = YES;
				CLANG_WARN_BOOL_CONVERSION = YES;
				CLANG_WARN_CONSTANT_CONVERSION = YES;
				CLANG_WARN_DIRECT_OBJC_ISA_USAGE = YES_ERROR;
				CLANG_WARN_DOCUMENTATION_COMMENTS = YES;
				CLANG_WARN_EMPTY_BODY = YES;
				CLANG_WARN_ENUM_CONVERSION = YES;
				CLANG_WARN_INFINITE_RECURSION = YES;
				CLANG_WARN_INT_CONVERSION = YES;
				CLANG_WARN_OBJC_ROOT_CLASS = YES_ERROR;
				CLANG_WARN_SUSPICIOUS_MOVES = YES;
				CLANG_WARN_UNREACHABLE_CODE = YES;
				CLANG_WARN__DUPLICATE_METHOD_MATCH = YES;
				"CODE_SIGN_IDENTITY[sdk=iphoneos*]" = "iPhone Developer";
				COPY_PHASE_STRIP = NO;
				DEBUG_INFORMATION_FORMAT = dwarf;
				ENABLE_STRICT_OBJC_MSGSEND = YES;
				ENABLE_TESTABILITY = YES;
				GCC_C_LANGUAGE_STANDARD = gnu99;
				GCC_DYNAMIC_NO_PIC = NO;
				GCC_NO_COMMON_BLOCKS = YES;
				GCC_OPTIMIZATION_LEVEL = 0;
				GCC_PREPROCESSOR_DEFINITIONS = (
					"DEBUG=1",
					"$(inherited)",
				);
				GCC_WARN_64_TO_32_BIT_CONVERSION = YES;
				GCC_WARN_ABOUT_RETURN_TYPE = YES_ERROR;
				GCC_WARN_UNDECLARED_SELECTOR = YES;
				GCC_WARN_UNINITIALIZED_AUTOS = YES_AGGRESSIVE;
				GCC_WARN_UNUSED_FUNCTION = YES;
				GCC_WARN_UNUSED_VARIABLE = YES;
				IPHONEOS_DEPLOYMENT_TARGET = 10.0;
				MTL_ENABLE_DEBUG_INFO = YES;
				ONLY_ACTIVE_ARCH = YES;
				SDKROOT = iphoneos;
				SWIFT_ACTIVE_COMPILATION_CONDITIONS = DEBUG;
				SWIFT_OPTIMIZATION_LEVEL = "-Onone";
				TARGETED_DEVICE_FAMILY = "1,2";
			};
			name = Debug;
		};
		A4A954CF1DBF86AC00C820C4 /* Release */ = {
			isa = XCBuildConfiguration;
			buildSettings = {
				ALWAYS_SEARCH_USER_PATHS = NO;
				CLANG_ANALYZER_NONNULL = YES;
				CLANG_CXX_LANGUAGE_STANDARD = "gnu++0x";
				CLANG_CXX_LIBRARY = "libc++";
				CLANG_ENABLE_MODULES = YES;
				CLANG_ENABLE_OBJC_ARC = YES;
				CLANG_WARN_BOOL_CONVERSION = YES;
				CLANG_WARN_CONSTANT_CONVERSION = YES;
				CLANG_WARN_DIRECT_OBJC_ISA_USAGE = YES_ERROR;
				CLANG_WARN_DOCUMENTATION_COMMENTS = YES;
				CLANG_WARN_EMPTY_BODY = YES;
				CLANG_WARN_ENUM_CONVERSION = YES;
				CLANG_WARN_INFINITE_RECURSION = YES;
				CLANG_WARN_INT_CONVERSION = YES;
				CLANG_WARN_OBJC_ROOT_CLASS = YES_ERROR;
				CLANG_WARN_SUSPICIOUS_MOVES = YES;
				CLANG_WARN_UNREACHABLE_CODE = YES;
				CLANG_WARN__DUPLICATE_METHOD_MATCH = YES;
				"CODE_SIGN_IDENTITY[sdk=iphoneos*]" = "iPhone Developer";
				COPY_PHASE_STRIP = NO;
				DEBUG_INFORMATION_FORMAT = "dwarf-with-dsym";
				ENABLE_NS_ASSERTIONS = NO;
				ENABLE_STRICT_OBJC_MSGSEND = YES;
				GCC_C_LANGUAGE_STANDARD = gnu99;
				GCC_NO_COMMON_BLOCKS = YES;
				GCC_WARN_64_TO_32_BIT_CONVERSION = YES;
				GCC_WARN_ABOUT_RETURN_TYPE = YES_ERROR;
				GCC_WARN_UNDECLARED_SELECTOR = YES;
				GCC_WARN_UNINITIALIZED_AUTOS = YES_AGGRESSIVE;
				GCC_WARN_UNUSED_FUNCTION = YES;
				GCC_WARN_UNUSED_VARIABLE = YES;
				IPHONEOS_DEPLOYMENT_TARGET = 10.0;
				MTL_ENABLE_DEBUG_INFO = NO;
				SDKROOT = iphoneos;
				SWIFT_OPTIMIZATION_LEVEL = "-Owholemodule";
				TARGETED_DEVICE_FAMILY = "1,2";
				VALIDATE_PRODUCT = YES;
			};
			name = Release;
		};
		A4A954D11DBF86AC00C820C4 /* Debug */ = {
			isa = XCBuildConfiguration;
			buildSettings = {
				ASSETCATALOG_COMPILER_APPICON_NAME = AppIcon;
				DEVELOPMENT_TEAM = 74UTGGD74F;
				INFOPLIST_FILE = BatteryView/Info.plist;
				LD_RUNPATH_SEARCH_PATHS = "$(inherited) @executable_path/Frameworks";
				PRODUCT_BUNDLE_IDENTIFIER = com.Slightech.BatteryView;
				PRODUCT_NAME = "$(TARGET_NAME)";
				SWIFT_VERSION = 3.0;
			};
			name = Debug;
		};
		A4A954D21DBF86AC00C820C4 /* Release */ = {
			isa = XCBuildConfiguration;
			buildSettings = {
				ASSETCATALOG_COMPILER_APPICON_NAME = AppIcon;
				DEVELOPMENT_TEAM = 74UTGGD74F;
				INFOPLIST_FILE = BatteryView/Info.plist;
				LD_RUNPATH_SEARCH_PATHS = "$(inherited) @executable_path/Frameworks";
				PRODUCT_BUNDLE_IDENTIFIER = com.Slightech.BatteryView;
				PRODUCT_NAME = "$(TARGET_NAME)";
				SWIFT_VERSION = 3.0;
			};
			name = Release;
		};
		A4A954D41DBF86AC00C820C4 /* Debug */ = {
			isa = XCBuildConfiguration;
			buildSettings = {
				ALWAYS_EMBED_SWIFT_STANDARD_LIBRARIES = YES;
				DEVELOPMENT_TEAM = 74UTGGD74F;
				INFOPLIST_FILE = BatteryViewUITests/Info.plist;
				LD_RUNPATH_SEARCH_PATHS = "$(inherited) @executable_path/Frameworks @loader_path/Frameworks";
				PRODUCT_BUNDLE_IDENTIFIER = com.Slightech.BatteryViewUITests;
				PRODUCT_NAME = "$(TARGET_NAME)";
				SWIFT_VERSION = 3.0;
				TEST_TARGET_NAME = BatteryView;
			};
			name = Debug;
		};
		A4A954D51DBF86AC00C820C4 /* Release */ = {
			isa = XCBuildConfiguration;
			buildSettings = {
				ALWAYS_EMBED_SWIFT_STANDARD_LIBRARIES = YES;
				DEVELOPMENT_TEAM = 74UTGGD74F;
				INFOPLIST_FILE = BatteryViewUITests/Info.plist;
				LD_RUNPATH_SEARCH_PATHS = "$(inherited) @executable_path/Frameworks @loader_path/Frameworks";
				PRODUCT_BUNDLE_IDENTIFIER = com.Slightech.BatteryViewUITests;
				PRODUCT_NAME = "$(TARGET_NAME)";
				SWIFT_VERSION = 3.0;
				TEST_TARGET_NAME = BatteryView;
			};
			name = Release;
		};
/* End XCBuildConfiguration section */

/* Begin XCConfigurationList section */
		A4A954AE1DBF86AB00C820C4 /* Build configuration list for PBXProject "BatteryView" */ = {
			isa = XCConfigurationList;
			buildConfigurations = (
				A4A954CE1DBF86AC00C820C4 /* Debug */,
				A4A954CF1DBF86AC00C820C4 /* Release */,
			);
			defaultConfigurationIsVisible = 0;
			defaultConfigurationName = Release;
		};
		A4A954D01DBF86AC00C820C4 /* Build configuration list for PBXNativeTarget "BatteryView" */ = {
			isa = XCConfigurationList;
			buildConfigurations = (
				A4A954D11DBF86AC00C820C4 /* Debug */,
				A4A954D21DBF86AC00C820C4 /* Release */,
			);
			defaultConfigurationIsVisible = 0;
		};
		A4A954D31DBF86AC00C820C4 /* Build configuration list for PBXNativeTarget "BatteryViewUITests" */ = {
			isa = XCConfigurationList;
			buildConfigurations = (
				A4A954D41DBF86AC00C820C4 /* Debug */,
				A4A954D51DBF86AC00C820C4 /* Release */,
			);
			defaultConfigurationIsVisible = 0;
		};
/* End XCConfigurationList section */
	};
	rootObject = A4A954AB1DBF86AB00C820C4 /* Project object */;
}
